
Microsoft Visual Studio Solution File, Format Version 12.00
# Visual Studio Version 17
VisualStudioVersion = 17.3.32804.467
MinimumVisualStudioVersion = 10.0.40219.1
Project("{FAE04EC0-301F-11D3-BF4B-00C04F79EFBC}") = "Xalamanaia-Pizzaria", "Xalamanaia-Pizzaria\Xalamanaia-Pizzaria.csproj", "{EC9F27BD-0A09-47E6-8534-BC3067ABCA36}"
EndProject
Project("{FAE04EC0-301F-11D3-BF4B-00C04F79EFBC}") = "Controllers", "Controller\Controllers.csproj", "{0CBB5605-5349-4BC3-8965-177C47A9D963}"
EndProject
Project("{FAE04EC0-301F-11D3-BF4B-00C04F79EFBC}") = "Models", "Models\Models.csproj", "{265C91FA-3067-433C-A3DF-338DB2757B59}"
EndProject
Global
	GlobalSection(SolutionConfigurationPlatforms) = preSolution
		Debug|Any CPU = Debug|Any CPU
		Release|Any CPU = Release|Any CPU
	EndGlobalSection
	GlobalSection(ProjectConfigurationPlatforms) = postSolution
		{EC9F27BD-0A09-47E6-8534-BC3067ABCA36}.Debug|Any CPU.ActiveCfg = Debug|Any CPU
		{EC9F27BD-0A09-47E6-8534-BC3067ABCA36}.Debug|Any CPU.Build.0 = Debug|Any CPU
		{EC9F27BD-0A09-47E6-8534-BC3067ABCA36}.Release|Any CPU.ActiveCfg = Release|Any CPU
		{EC9F27BD-0A09-47E6-8534-BC3067ABCA36}.Release|Any CPU.Build.0 = Release|Any CPU
		{0CBB5605-5349-4BC3-8965-177C47A9D963}.Debug|Any CPU.ActiveCfg = Debug|Any CPU
		{0CBB5605-5349-4BC3-8965-177C47A9D963}.Debug|Any CPU.Build.0 = Debug|Any CPU
		{0CBB5605-5349-4BC3-8965-177C47A9D963}.Release|Any CPU.ActiveCfg = Release|Any CPU
		{0CBB5605-5349-4BC3-8965-177C47A9D963}.Release|Any CPU.Build.0 = Release|Any CPU
		{265C91FA-3067-433C-A3DF-338DB2757B59}.Debug|Any CPU.ActiveCfg = Debug|Any CPU
		{265C91FA-3067-433C-A3DF-338DB2757B59}.Debug|Any CPU.Build.0 = Debug|Any CPU
		{265C91FA-3067-433C-A3DF-338DB2757B59}.Release|Any CPU.ActiveCfg = Release|Any CPU
		{265C91FA-3067-433C-A3DF-338DB2757B59}.Release|Any CPU.Build.0 = Release|Any CPU
	EndGlobalSection
	GlobalSection(SolutionProperties) = preSolution
		HideSolutionNode = FALSE
	EndGlobalSection
	GlobalSection(ExtensibilityGlobals) = postSolution
		SolutionGuid = {DC01DCEE-406C-4D8A-A2A1-76EF700B2A46}
	EndGlobalSection
EndGlobal
